// !$*UTF8*$!
{
	archiveVersion = 1;
	classes = {
	};
	objectVersion = 46;
	objects = {

/* Begin PBXBuildFile section */
		2196343C1C64330E00283183 /* AppDelegate.swift in Sources */ = {isa = PBXBuildFile; fileRef = 2196343B1C64330E00283183 /* AppDelegate.swift */; };
		2196343E1C64330E00283183 /* ViewController.swift in Sources */ = {isa = PBXBuildFile; fileRef = 2196343D1C64330E00283183 /* ViewController.swift */; };
		219634411C64330E00283183 /* Main.storyboard in Resources */ = {isa = PBXBuildFile; fileRef = 2196343F1C64330E00283183 /* Main.storyboard */; };
		219634431C64330E00283183 /* Assets.xcassets in Resources */ = {isa = PBXBuildFile; fileRef = 219634421C64330E00283183 /* Assets.xcassets */; };
		219634461C64330E00283183 /* LaunchScreen.storyboard in Resources */ = {isa = PBXBuildFile; fileRef = 219634441C64330E00283183 /* LaunchScreen.storyboard */; };
/* End PBXBuildFile section */

/* Begin PBXFileReference section */
		219634381C64330E00283183 /* InstagramLab.app */ = {isa = PBXFileReference; explicitFileType = wrapper.application; includeInIndex = 0; path = InstagramLab.app; sourceTree = BUILT_PRODUCTS_DIR; };
		2196343B1C64330E00283183 /* AppDelegate.swift */ = {isa = PBXFileReference; lastKnownFileType = sourcecode.swift; path = AppDelegate.swift; sourceTree = "<group>"; };
		2196343D1C64330E00283183 /* ViewController.swift */ = {isa = PBXFileReference; lastKnownFileType = sourcecode.swift; path = ViewController.swift; sourceTree = "<group>"; };
		219634401C64330E00283183 /* Base */ = {isa = PBXFileReference; lastKnownFileType = file.storyboard; name = Base; path = Base.lproj/Main.storyboard; sourceTree = "<group>"; };
		219634421C64330E00283183 /* Assets.xcassets */ = {isa = PBXFileReference; lastKnownFileType = folder.assetcatalog; path = Assets.xcassets; sourceTree = "<group>"; };
		219634451C64330E00283183 /* Base */ = {isa = PBXFileReference; lastKnownFileType = file.storyboard; name = Base; path = Base.lproj/LaunchScreen.storyboard; sourceTree = "<group>"; };
		219634471C64330E00283183 /* Info.plist */ = {isa = PBXFileReference; lastKnownFileType = text.plist.xml; path = Info.plist; sourceTree = "<group>"; };
/* End PBXFileReference section */

/* Begin PBXFrameworksBuildPhase section */
		219634351C64330E00283183 /* Frameworks */ = {
			isa = PBXFrameworksBuildPhase;
			buildActionMask = 2147483647;
			files = (
			);
			runOnlyForDeploymentPostprocessing = 0;
		};
/* End PBXFrameworksBuildPhase section */

/* Begin PBXGroup section */
		2196342F1C64330E00283183 = {
			isa = PBXGroup;
			children = (
				2196343A1C64330E00283183 /* InstagramLab */,
				219634391C64330E00283183 /* Products */,
			);
			sourceTree = "<group>";
		};
		219634391C64330E00283183 /* Products */ = {
			isa = PBXGroup;
			children = (
				219634381C64330E00283183 /* InstagramLab.app */,
			);
			name = Products;
			sourceTree = "<group>";
		};
		2196343A1C64330E00283183 /* InstagramLab */ = {
			isa = PBXGroup;
			children = (
				2196343B1C64330E00283183 /* AppDelegate.swift */,
				2196343D1C64330E00283183 /* ViewController.swift */,
				2196343F1C64330E00283183 /* Main.storyboard */,
				219634421C64330E00283183 /* Assets.xcassets */,
				219634441C64330E00283183 /* LaunchScreen.storyboard */,
				219634471C64330E00283183 /* Info.plist */,
			);
			path = InstagramLab;
			sourceTree = "<group>";
		};
/* End PBXGroup section */

/* Begin PBXNativeTarget section */
		219634371C64330E00283183 /* InstagramLab */ = {
			isa = PBXNativeTarget;
			buildConfigurationList = 2196344A1C64330E00283183 /* Build configuration list for PBXNativeTarget "InstagramLab" */;
			buildPhases = (
				219634341C64330E00283183 /* Sources */,
				219634351C64330E00283183 /* Frameworks */,
				219634361C64330E00283183 /* Resources */,
			);
			buildRules = (
			);
			dependencies = (
			);
			name = InstagramLab;
			productName = InstagramLab;
			productReference = 219634381C64330E00283183 /* InstagramLab.app */;
			productType = "com.apple.product-type.application";
		};
/* End PBXNativeTarget section */

/* Begin PBXProject section */
		219634301C64330E00283183 /* Project object */ = {
			isa = PBXProject;
			attributes = {
				LastSwiftUpdateCheck = 0720;
				LastUpgradeCheck = 0720;
				ORGANIZATIONNAME = "Nisarga Patel";
				TargetAttributes = {
					219634371C64330E00283183 = {
						CreatedOnToolsVersion = 7.2;
					};
				};
			};
			buildConfigurationList = 219634331C64330E00283183 /* Build configuration list for PBXProject "InstagramLab" */;
			compatibilityVersion = "Xcode 3.2";
			developmentRegion = English;
			hasScannedForEncodings = 0;
			knownRegions = (
				en,
				Base,
			);
			mainGroup = 2196342F1C64330E00283183;
			productRefGroup = 219634391C64330E00283183 /* Products */;
			projectDirPath = "";
			projectRoot = "";
			targets = (
				219634371C64330E00283183 /* InstagramLab */,
			);
		};
/* End PBXProject section */

/* Begin PBXResourcesBuildPhase section */
		219634361C64330E00283183 /* Resources */ = {
			isa = PBXResourcesBuildPhase;
			buildActionMask = 2147483647;
			files = (
				219634461C64330E00283183 /* LaunchScreen.storyboard in Resources */,
				219634431C64330E00283183 /* Assets.xcassets in Resources */,
				219634411C64330E00283183 /* Main.storyboard in Resources */,
			);
			runOnlyForDeploymentPostprocessing = 0;
		};
/* End PBXResourcesBuildPhase section */

/* Begin PBXSourcesBuildPhase section */
		219634341C64330E00283183 /* Sources */ = {
			isa = PBXSourcesBuildPhase;
			buildActionMask = 2147483647;
			files = (
				2196343E1C64330E00283183 /* ViewController.swift in Sources */,
				2196343C1C64330E00283183 /* AppDelegate.swift in Sources */,
			);
			runOnlyForDeploymentPostprocessing = 0;
		};
/* End PBXSourcesBuildPhase section */

/* Begin PBXVariantGroup section */
		2196343F1C64330E00283183 /* Main.storyboard */ = {
			isa = PBXVariantGroup;
			children = (
				219634401C64330E00283183 /* Base */,
			);
			name = Main.storyboard;
			sourceTree = "<group>";
		};
		219634441C64330E00283183 /* LaunchScreen.storyboard */ = {
			isa = PBXVariantGroup;
			children = (
				219634451C64330E00283183 /* Base */,
			);
			name = LaunchScreen.storyboard;
			sourceTree = "<group>";
		};
/* End PBXVariantGroup section */

/* Begin XCBuildConfiguration section */
		219634481C64330E00283183 /* Debug */ = {
			isa = XCBuildConfiguration;
			buildSettings = {
				ALWAYS_SEARCH_USER_PATHS = NO;
				CLANG_CXX_LANGUAGE_STANDARD = "gnu++0x";
				CLANG_CXX_LIBRARY = "libc++";
				CLANG_ENABLE_MODULES = YES;
				CLANG_ENABLE_OBJC_ARC = YES;
				CLANG_WARN_BOOL_CONVERSION = YES;
				CLANG_WARN_CONSTANT_CONVERSION = YES;
				CLANG_WARN_DIRECT_OBJC_ISA_USAGE = YES_ERROR;
				CLANG_WARN_EMPTY_BODY = YES;
				CLANG_WARN_ENUM_CONVERSION = YES;
				CLANG_WARN_INT_CONVERSION = YES;
				CLANG_WARN_OBJC_ROOT_CLASS = YES_ERROR;
				CLANG_WARN_UNREACHABLE_CODE = YES;
				CLANG_WARN__DUPLICATE_METHOD_MATCH = YES;
				"CODE_SIGN_IDENTITY[sdk=iphoneos*]" = "iPhone Developer";
				COPY_PHASE_STRIP = NO;
				DEBUG_INFORMATION_FORMAT = dwarf;
				ENABLE_STRICT_OBJC_MSGSEND = YES;
				ENABLE_TESTABILITY = YES;
				GCC_C_LANGUAGE_STANDARD = gnu99;
				GCC_DYNAMIC_NO_PIC = NO;
				GCC_NO_COMMON_BLOCKS = YES;
				GCC_OPTIMIZATION_LEVEL = 0;
				GCC_PREPROCESSOR_DEFINITIONS = (
					"DEBUG=1",
					"$(inherited)",
				);
				GCC_WARN_64_TO_32_BIT_CONVERSION = YES;
				GCC_WARN_ABOUT_RETURN_TYPE = YES_ERROR;
				GCC_WARN_UNDECLARED_SELECTOR = YES;
				GCC_WARN_UNINITIALIZED_AUTOS = YES_AGGRESSIVE;
				GCC_WARN_UNUSED_FUNCTION = YES;
				GCC_WARN_UNUSED_VARIABLE = YES;
				IPHONEOS_DEPLOYMENT_TARGET = 9.2;
				MTL_ENABLE_DEBUG_INFO = YES;
				ONLY_ACTIVE_ARCH = YES;
				SDKROOT = iphoneos;
				SWIFT_OPTIMIZATION_LEVEL = "-Onone";
			};
			name = Debug;
		};
		219634491C64330E00283183 /* Release */ = {
			isa = XCBuildConfiguration;
			buildSettings = {
				ALWAYS_SEARCH_USER_PATHS = NO;
				CLANG_CXX_LANGUAGE_STANDARD = "gnu++0x";
				CLANG_CXX_LIBRARY = "libc++";
				CLANG_ENABLE_MODULES = YES;
				CLANG_ENABLE_OBJC_ARC = YES;
				CLANG_WARN_BOOL_CONVERSION = YES;
				CLANG_WARN_CONSTANT_CONVERSION = YES;
				CLANG_WARN_DIRECT_OBJC_ISA_USAGE = YES_ERROR;
				CLANG_WARN_EMPTY_BODY = YES;
				CLANG_WARN_ENUM_CONVERSION = YES;
				CLANG_WARN_INT_CONVERSION = YES;
				CLANG_WARN_OBJC_ROOT_CLASS = YES_ERROR;
				CLANG_WARN_UNREACHABLE_CODE = YES;
				CLANG_WARN__DUPLICATE_METHOD_MATCH = YES;
				"CODE_SIGN_IDENTITY[sdk=iphoneos*]" = "iPhone Developer";
				COPY_PHASE_STRIP = NO;
				DEBUG_INFORMATION_FORMAT = "dwarf-with-dsym";
				ENABLE_NS_ASSERTIONS = NO;
				ENABLE_STRICT_OBJC_MSGSEND = YES;
				GCC_C_LANGUAGE_STANDARD = gnu99;
				GCC_NO_COMMON_BLOCKS = YES;
				GCC_WARN_64_TO_32_BIT_CONVERSION = YES;
				GCC_WARN_ABOUT_RETURN_TYPE = YES_ERROR;
				GCC_WARN_UNDECLARED_SELECTOR = YES;
				GCC_WARN_UNINITIALIZED_AUTOS = YES_AGGRESSIVE;
				GCC_WARN_UNUSED_FUNCTION = YES;
				GCC_WARN_UNUSED_VARIABLE = YES;
				IPHONEOS_DEPLOYMENT_TARGET = 9.2;
				MTL_ENABLE_DEBUG_INFO = NO;
				SDKROOT = iphoneos;
				VALIDATE_PRODUCT = YES;
			};
			name = Release;
		};
		2196344B1C64330E00283183 /* Debug */ = {
			isa = XCBuildConfiguration;
			buildSettings = {
				ASSETCATALOG_COMPILER_APPICON_NAME = AppIcon;
				INFOPLIST_FILE = InstagramLab/Info.plist;
				LD_RUNPATH_SEARCH_PATHS = "$(inherited) @executable_path/Frameworks";
				PRODUCT_BUNDLE_IDENTIFIER = codepath.InstagramLab;
				PRODUCT_NAME = "$(TARGET_NAME)";
			};
			name = Debug;
		};
		2196344C1C64330E00283183 /* Release */ = {
			isa = XCBuildConfiguration;
			buildSettings = {
				ASSETCATALOG_COMPILER_APPICON_NAME = AppIcon;
				INFOPLIST_FILE = InstagramLab/Info.plist;
				LD_RUNPATH_SEARCH_PATHS = "$(inherited) @executable_path/Frameworks";
				PRODUCT_BUNDLE_IDENTIFIER = codepath.InstagramLab;
				PRODUCT_NAME = "$(TARGET_NAME)";
			};
			name = Release;
		};
/* End XCBuildConfiguration section */

/* Begin XCConfigurationList section */
		219634331C64330E00283183 /* Build configuration list for PBXProject "InstagramLab" */ = {
			isa = XCConfigurationList;
			buildConfigurations = (
				219634481C64330E00283183 /* Debug */,
				219634491C64330E00283183 /* Release */,
			);
			defaultConfigurationIsVisible = 0;
			defaultConfigurationName = Release;
		};
		2196344A1C64330E00283183 /* Build configuration list for PBXNativeTarget "InstagramLab" */ = {
			isa = XCConfigurationList;
			buildConfigurations = (
				2196344B1C64330E00283183 /* Debug */,
				2196344C1C64330E00283183 /* Release */,
			);
			defaultConfigurationIsVisible = 0;
		};
/* End XCConfigurationList section */
	};
	rootObject = 219634301C64330E00283183 /* Project object */;
}
